// !$*UTF8*$!
{
	archiveVersion = 1;
	classes = {
	};
	objectVersion = 56;
	objects = {

/* Begin PBXBuildFile section */
		0A121CAD2A9A42FC006EB8C9 /* SearchBooksAPIMock.json in Resources */ = {isa = PBXBuildFile; fileRef = 0A121CAC2A9A42FC006EB8C9 /* SearchBooksAPIMock.json */; };
		0A121CB02A9A4911006EB8C9 /* SearchBookModel.swift in Sources */ = {isa = PBXBuildFile; fileRef = 0A121CAF2A9A4911006EB8C9 /* SearchBookModel.swift */; };
		0A121CB32A9A4AB3006EB8C9 /* SuggestionsCollectionViewCell.swift in Sources */ = {isa = PBXBuildFile; fileRef = 0A121CB12A9A4AB3006EB8C9 /* SuggestionsCollectionViewCell.swift */; };
		0A121CB42A9A4AB3006EB8C9 /* SuggestionsCollectionViewCell.xib in Resources */ = {isa = PBXBuildFile; fileRef = 0A121CB22A9A4AB3006EB8C9 /* SuggestionsCollectionViewCell.xib */; };
		0A121CB72A9A4ACA006EB8C9 /* YourLibraryCollectionViewCell.swift in Sources */ = {isa = PBXBuildFile; fileRef = 0A121CB52A9A4ACA006EB8C9 /* YourLibraryCollectionViewCell.swift */; };
		0A121CB82A9A4ACA006EB8C9 /* YourLibraryCollectionViewCell.xib in Resources */ = {isa = PBXBuildFile; fileRef = 0A121CB62A9A4ACA006EB8C9 /* YourLibraryCollectionViewCell.xib */; };
		0A121CBB2A9A4B77006EB8C9 /* RecentCollectionViewCell.swift in Sources */ = {isa = PBXBuildFile; fileRef = 0A121CB92A9A4B77006EB8C9 /* RecentCollectionViewCell.swift */; };
		0A121CBC2A9A4B77006EB8C9 /* RecentCollectionViewCell.xib in Resources */ = {isa = PBXBuildFile; fileRef = 0A121CBA2A9A4B77006EB8C9 /* RecentCollectionViewCell.xib */; };
		0A121CBF2A9A4D6A006EB8C9 /* HeaderCollectionReusableView.swift in Sources */ = {isa = PBXBuildFile; fileRef = 0A121CBD2A9A4D6A006EB8C9 /* HeaderCollectionReusableView.swift */; };
		0A12A6A42A90C690006A5B3F /* NSAttributedString+Extensions.swift in Sources */ = {isa = PBXBuildFile; fileRef = 0A12A6A32A90C690006A5B3F /* NSAttributedString+Extensions.swift */; };
		0A12A6AA2A90CCA5006A5B3F /* Athelas-BoldItalic.ttf in Resources */ = {isa = PBXBuildFile; fileRef = 0A12A6A62A90CCA5006A5B3F /* Athelas-BoldItalic.ttf */; };
		0A12A6AB2A90CCA5006A5B3F /* Athelas-Bold.ttf in Resources */ = {isa = PBXBuildFile; fileRef = 0A12A6A72A90CCA5006A5B3F /* Athelas-Bold.ttf */; };
		0A12A6AC2A90CCA5006A5B3F /* Athelas-Italic.ttf in Resources */ = {isa = PBXBuildFile; fileRef = 0A12A6A82A90CCA5006A5B3F /* Athelas-Italic.ttf */; };
		0A12A6AD2A90CCA5006A5B3F /* Athelas-Regular.ttf in Resources */ = {isa = PBXBuildFile; fileRef = 0A12A6A92A90CCA5006A5B3F /* Athelas-Regular.ttf */; };
		0A12A6B02A90CED3006A5B3F /* UIButton+Extensions.swift in Sources */ = {isa = PBXBuildFile; fileRef = 0A12A6AF2A90CED3006A5B3F /* UIButton+Extensions.swift */; };
		0A12A6B42A90DEC4006A5B3F /* CALayer+Extensions.swift in Sources */ = {isa = PBXBuildFile; fileRef = 0A12A6B32A90DEC4006A5B3F /* CALayer+Extensions.swift */; };
		0A12A6B72A90E095006A5B3F /* MoreToExploreView.swift in Sources */ = {isa = PBXBuildFile; fileRef = 0A12A6B62A90E095006A5B3F /* MoreToExploreView.swift */; };
		0A12A6B92A90E0BB006A5B3F /* MoreToExploreView.xib in Resources */ = {isa = PBXBuildFile; fileRef = 0A12A6B82A90E0BB006A5B3F /* MoreToExploreView.xib */; };
		0A12A6BB2A90E18E006A5B3F /* BookGenresBannerView.swift in Sources */ = {isa = PBXBuildFile; fileRef = 0A12A6BA2A90E18E006A5B3F /* BookGenresBannerView.swift */; };
		0A12A6BD2A90E1DD006A5B3F /* BookGenresBannerView.xib in Resources */ = {isa = PBXBuildFile; fileRef = 0A12A6BC2A90E1DD006A5B3F /* BookGenresBannerView.xib */; };
		0A3661FD2A97AD4A00F26BAF /* UserDefaults+Extensions.swift in Sources */ = {isa = PBXBuildFile; fileRef = 0A3661FC2A97AD4A00F26BAF /* UserDefaults+Extensions.swift */; };
		0A3662002A97B32D00F26BAF /* SDWebImage in Frameworks */ = {isa = PBXBuildFile; productRef = 0A3661FF2A97B32D00F26BAF /* SDWebImage */; };
		0A3662022A97B32D00F26BAF /* SDWebImageMapKit in Frameworks */ = {isa = PBXBuildFile; productRef = 0A3662012A97B32D00F26BAF /* SDWebImageMapKit */; };
		0A3662042A97B45D00F26BAF /* LibraryAPIMock.json in Resources */ = {isa = PBXBuildFile; fileRef = 0A3662032A97B45D00F26BAF /* LibraryAPIMock.json */; };
		0A3662082A97BCFA00F26BAF /* ProfileViewController.swift in Sources */ = {isa = PBXBuildFile; fileRef = 0A3662062A97BCFA00F26BAF /* ProfileViewController.swift */; };
		0A3662092A97BCFA00F26BAF /* ProfileViewController.xib in Resources */ = {isa = PBXBuildFile; fileRef = 0A3662072A97BCFA00F26BAF /* ProfileViewController.xib */; };
		0A395BC42A9262D600560FCD /* UIFon+Extensions.swift in Sources */ = {isa = PBXBuildFile; fileRef = 0A395BC32A9262D600560FCD /* UIFon+Extensions.swift */; };
		0A395BC92A92911400560FCD /* APIManager.swift in Sources */ = {isa = PBXBuildFile; fileRef = 0A395BC82A92911400560FCD /* APIManager.swift */; };
		0A395BCA2A92933800560FCD /* MockData.json in Resources */ = {isa = PBXBuildFile; fileRef = 0A395BC62A92701900560FCD /* MockData.json */; };
		0A395BCE2A9293FB00560FCD /* ReadingNowModel.swift in Sources */ = {isa = PBXBuildFile; fileRef = 0A395BCD2A9293FB00560FCD /* ReadingNowModel.swift */; };
		0A395BD32A929EA200560FCD /* DownloadTask.swift in Sources */ = {isa = PBXBuildFile; fileRef = 0A395BD02A929EA200560FCD /* DownloadTask.swift */; };
		0A395BD42A929EA200560FCD /* DownloadManager.swift in Sources */ = {isa = PBXBuildFile; fileRef = 0A395BD12A929EA200560FCD /* DownloadManager.swift */; };
		0A395BD52A929EA200560FCD /* FilesManager.swift in Sources */ = {isa = PBXBuildFile; fileRef = 0A395BD22A929EA200560FCD /* FilesManager.swift */; };
		0A395BD72A92A94600560FCD /* UIImageView+Extensions.swift in Sources */ = {isa = PBXBuildFile; fileRef = 0A395BD62A92A94600560FCD /* UIImageView+Extensions.swift */; };
		0A395BD92A92A9C600560FCD /* LoadingView.swift in Sources */ = {isa = PBXBuildFile; fileRef = 0A395BD82A92A9C600560FCD /* LoadingView.swift */; };
		0A395BDB2A92AB0E00560FCD /* UIView+Extensions.swift in Sources */ = {isa = PBXBuildFile; fileRef = 0A395BDA2A92AB0E00560FCD /* UIView+Extensions.swift */; };
		0A43B3602A9510A40075D1EB /* ReadingNowAPIMock.json in Resources */ = {isa = PBXBuildFile; fileRef = 0A43B35F2A9510A40075D1EB /* ReadingNowAPIMock.json */; };
		0A43B3742A95169C0075D1EB /* Current+CoreDataClass.swift in Sources */ = {isa = PBXBuildFile; fileRef = 0A43B36A2A95169C0075D1EB /* Current+CoreDataClass.swift */; };
		0A43B3752A95169C0075D1EB /* Current+CoreDataProperties.swift in Sources */ = {isa = PBXBuildFile; fileRef = 0A43B36B2A95169C0075D1EB /* Current+CoreDataProperties.swift */; };
		0A43B3762A95169C0075D1EB /* ReadingNow+CoreDataClass.swift in Sources */ = {isa = PBXBuildFile; fileRef = 0A43B36C2A95169C0075D1EB /* ReadingNow+CoreDataClass.swift */; };
		0A43B3772A95169C0075D1EB /* ReadingNow+CoreDataProperties.swift in Sources */ = {isa = PBXBuildFile; fileRef = 0A43B36D2A95169C0075D1EB /* ReadingNow+CoreDataProperties.swift */; };
		0A43B3782A95169C0075D1EB /* MoreToExplore+CoreDataClass.swift in Sources */ = {isa = PBXBuildFile; fileRef = 0A43B36E2A95169C0075D1EB /* MoreToExplore+CoreDataClass.swift */; };
		0A43B3792A95169C0075D1EB /* MoreToExplore+CoreDataProperties.swift in Sources */ = {isa = PBXBuildFile; fileRef = 0A43B36F2A95169C0075D1EB /* MoreToExplore+CoreDataProperties.swift */; };
		0A43B37A2A95169C0075D1EB /* ReadingGoals+CoreDataClass.swift in Sources */ = {isa = PBXBuildFile; fileRef = 0A43B3702A95169C0075D1EB /* ReadingGoals+CoreDataClass.swift */; };
		0A43B37B2A95169C0075D1EB /* ReadingGoals+CoreDataProperties.swift in Sources */ = {isa = PBXBuildFile; fileRef = 0A43B3712A95169C0075D1EB /* ReadingGoals+CoreDataProperties.swift */; };
		0A43B37C2A95169C0075D1EB /* AllTimeBestsellers+CoreDataClass.swift in Sources */ = {isa = PBXBuildFile; fileRef = 0A43B3722A95169C0075D1EB /* AllTimeBestsellers+CoreDataClass.swift */; };
		0A43B37D2A95169C0075D1EB /* AllTimeBestsellers+CoreDataProperties.swift in Sources */ = {isa = PBXBuildFile; fileRef = 0A43B3732A95169C0075D1EB /* AllTimeBestsellers+CoreDataProperties.swift */; };
		0A43B3802A9518FE0075D1EB /* CoreDataManager.swift in Sources */ = {isa = PBXBuildFile; fileRef = 0A43B37F2A9518FE0075D1EB /* CoreDataManager.swift */; };
		0A4693AA2A91DCAB00D33016 /* ActionsCollectionViewCell.swift in Sources */ = {isa = PBXBuildFile; fileRef = 0A4693A82A91DCAB00D33016 /* ActionsCollectionViewCell.swift */; };
		0A4693AB2A91DCAB00D33016 /* ActionsCollectionViewCell.xib in Resources */ = {isa = PBXBuildFile; fileRef = 0A4693A92A91DCAB00D33016 /* ActionsCollectionViewCell.xib */; };
		0A4693AE2A91E3DF00D33016 /* LibraryBookCollectionViewCell.swift in Sources */ = {isa = PBXBuildFile; fileRef = 0A4693AC2A91E3DF00D33016 /* LibraryBookCollectionViewCell.swift */; };
		0A4693AF2A91E3DF00D33016 /* LibraryBookCollectionViewCell.xib in Resources */ = {isa = PBXBuildFile; fileRef = 0A4693AD2A91E3DF00D33016 /* LibraryBookCollectionViewCell.xib */; };
		0A72FD392A91402C004DF68A /* AllTimeBestsellersView.swift in Sources */ = {isa = PBXBuildFile; fileRef = 0A72FD382A91402C004DF68A /* AllTimeBestsellersView.swift */; };
		0A72FD3B2A914055004DF68A /* AllTimeBestsellersView.xib in Resources */ = {isa = PBXBuildFile; fileRef = 0A72FD3A2A914055004DF68A /* AllTimeBestsellersView.xib */; };
		0A72FD3E2A91439A004DF68A /* BooksCollectionViewCell.swift in Sources */ = {isa = PBXBuildFile; fileRef = 0A72FD3C2A91439A004DF68A /* BooksCollectionViewCell.swift */; };
		0A72FD3F2A91439A004DF68A /* BooksCollectionViewCell.xib in Resources */ = {isa = PBXBuildFile; fileRef = 0A72FD3D2A91439A004DF68A /* BooksCollectionViewCell.xib */; };
		0A72FD422A914B35004DF68A /* ReadingGoalsView.swift in Sources */ = {isa = PBXBuildFile; fileRef = 0A72FD412A914B35004DF68A /* ReadingGoalsView.swift */; };
		0A72FD442A914B4F004DF68A /* ReadingGoalsView.xib in Resources */ = {isa = PBXBuildFile; fileRef = 0A72FD432A914B4F004DF68A /* ReadingGoalsView.xib */; };
		0A72FD462A914D5C004DF68A /* CircleProgressView.swift in Sources */ = {isa = PBXBuildFile; fileRef = 0A72FD452A914D5C004DF68A /* CircleProgressView.swift */; };
		0A72FD482A91549F004DF68A /* ReadingTimeProgressView.swift in Sources */ = {isa = PBXBuildFile; fileRef = 0A72FD472A91549F004DF68A /* ReadingTimeProgressView.swift */; };
		0A72FD4A2A9154C8004DF68A /* ReadingTimeProgressView.xib in Resources */ = {isa = PBXBuildFile; fileRef = 0A72FD492A9154C8004DF68A /* ReadingTimeProgressView.xib */; };
		0A72FD4C2A915BA2004DF68A /* KeepReadingButton.swift in Sources */ = {isa = PBXBuildFile; fileRef = 0A72FD4B2A915BA2004DF68A /* KeepReadingButton.swift */; };
		0A8A32422A908FA800EAE298 /* AppDelegate.swift in Sources */ = {isa = PBXBuildFile; fileRef = 0A8A32412A908FA800EAE298 /* AppDelegate.swift */; };
		0A8A32442A908FA800EAE298 /* SceneDelegate.swift in Sources */ = {isa = PBXBuildFile; fileRef = 0A8A32432A908FA800EAE298 /* SceneDelegate.swift */; };
		0A8A32462A908FA800EAE298 /* ViewController.swift in Sources */ = {isa = PBXBuildFile; fileRef = 0A8A32452A908FA800EAE298 /* ViewController.swift */; };
		0A8A32492A908FA800EAE298 /* Main.storyboard in Resources */ = {isa = PBXBuildFile; fileRef = 0A8A32472A908FA800EAE298 /* Main.storyboard */; };
		0A8A324C2A908FA800EAE298 /* PracticeProjectNo1.xcdatamodeld in Sources */ = {isa = PBXBuildFile; fileRef = 0A8A324A2A908FA800EAE298 /* PracticeProjectNo1.xcdatamodeld */; };
		0A8A324E2A908FA900EAE298 /* Assets.xcassets in Resources */ = {isa = PBXBuildFile; fileRef = 0A8A324D2A908FA900EAE298 /* Assets.xcassets */; };
		0A8A32512A908FA900EAE298 /* LaunchScreen.storyboard in Resources */ = {isa = PBXBuildFile; fileRef = 0A8A324F2A908FA900EAE298 /* LaunchScreen.storyboard */; };
		0A8A325E2A90995100EAE298 /* MainTabbarController.swift in Sources */ = {isa = PBXBuildFile; fileRef = 0A8A325D2A90995100EAE298 /* MainTabbarController.swift */; };
		0A8A32612A909A1C00EAE298 /* ReadingNowViewController.swift in Sources */ = {isa = PBXBuildFile; fileRef = 0A8A325F2A909A1C00EAE298 /* ReadingNowViewController.swift */; };
		0A8A32622A909A1C00EAE298 /* ReadingNowViewController.xib in Resources */ = {isa = PBXBuildFile; fileRef = 0A8A32602A909A1C00EAE298 /* ReadingNowViewController.xib */; };
		0A8A32652A909A2D00EAE298 /* LibraryViewController.swift in Sources */ = {isa = PBXBuildFile; fileRef = 0A8A32632A909A2D00EAE298 /* LibraryViewController.swift */; };
		0A8A32662A909A2D00EAE298 /* LibraryViewController.xib in Resources */ = {isa = PBXBuildFile; fileRef = 0A8A32642A909A2D00EAE298 /* LibraryViewController.xib */; };
		0A8A32692A909A3A00EAE298 /* BookStoreViewController.swift in Sources */ = {isa = PBXBuildFile; fileRef = 0A8A32672A909A3A00EAE298 /* BookStoreViewController.swift */; };
		0A8A326A2A909A3A00EAE298 /* BookStoreViewController.xib in Resources */ = {isa = PBXBuildFile; fileRef = 0A8A32682A909A3A00EAE298 /* BookStoreViewController.xib */; };
		0A8A326D2A909A4E00EAE298 /* SearchViewController.swift in Sources */ = {isa = PBXBuildFile; fileRef = 0A8A326B2A909A4E00EAE298 /* SearchViewController.swift */; };
		0A8A326E2A909A4E00EAE298 /* SearchViewController.xib in Resources */ = {isa = PBXBuildFile; fileRef = 0A8A326C2A909A4E00EAE298 /* SearchViewController.xib */; };
		0A8A32702A90A3B800EAE298 /* MainNavigationController.swift in Sources */ = {isa = PBXBuildFile; fileRef = 0A8A326F2A90A3B800EAE298 /* MainNavigationController.swift */; };
		0A8A32732A90A9E200EAE298 /* Constants.swift in Sources */ = {isa = PBXBuildFile; fileRef = 0A8A32722A90A9E200EAE298 /* Constants.swift */; };
		0A8A32772A90ACD200EAE298 /* CurrentReadingBookView.swift in Sources */ = {isa = PBXBuildFile; fileRef = 0A8A32762A90ACD200EAE298 /* CurrentReadingBookView.swift */; };
		0A8A32792A90AD1D00EAE298 /* CurrentReadingBookView.xib in Resources */ = {isa = PBXBuildFile; fileRef = 0A8A32782A90AD1D00EAE298 /* CurrentReadingBookView.xib */; };
/* End PBXBuildFile section */

/* Begin PBXFileReference section */
		0A121CAC2A9A42FC006EB8C9 /* SearchBooksAPIMock.json */ = {isa = PBXFileReference; lastKnownFileType = text.json; path = SearchBooksAPIMock.json; sourceTree = "<group>"; };
		0A121CAF2A9A4911006EB8C9 /* SearchBookModel.swift */ = {isa = PBXFileReference; lastKnownFileType = sourcecode.swift; path = SearchBookModel.swift; sourceTree = "<group>"; };
		0A121CB12A9A4AB3006EB8C9 /* SuggestionsCollectionViewCell.swift */ = {isa = PBXFileReference; lastKnownFileType = sourcecode.swift; path = SuggestionsCollectionViewCell.swift; sourceTree = "<group>"; };
		0A121CB22A9A4AB3006EB8C9 /* SuggestionsCollectionViewCell.xib */ = {isa = PBXFileReference; lastKnownFileType = file.xib; path = SuggestionsCollectionViewCell.xib; sourceTree = "<group>"; };
		0A121CB52A9A4ACA006EB8C9 /* YourLibraryCollectionViewCell.swift */ = {isa = PBXFileReference; lastKnownFileType = sourcecode.swift; path = YourLibraryCollectionViewCell.swift; sourceTree = "<group>"; };
		0A121CB62A9A4ACA006EB8C9 /* YourLibraryCollectionViewCell.xib */ = {isa = PBXFileReference; lastKnownFileType = file.xib; path = YourLibraryCollectionViewCell.xib; sourceTree = "<group>"; };
		0A121CB92A9A4B77006EB8C9 /* RecentCollectionViewCell.swift */ = {isa = PBXFileReference; lastKnownFileType = sourcecode.swift; path = RecentCollectionViewCell.swift; sourceTree = "<group>"; };
		0A121CBA2A9A4B77006EB8C9 /* RecentCollectionViewCell.xib */ = {isa = PBXFileReference; lastKnownFileType = file.xib; path = RecentCollectionViewCell.xib; sourceTree = "<group>"; };
		0A121CBD2A9A4D6A006EB8C9 /* HeaderCollectionReusableView.swift */ = {isa = PBXFileReference; lastKnownFileType = sourcecode.swift; path = HeaderCollectionReusableView.swift; sourceTree = "<group>"; };
		0A12A6A32A90C690006A5B3F /* NSAttributedString+Extensions.swift */ = {isa = PBXFileReference; lastKnownFileType = sourcecode.swift; path = "NSAttributedString+Extensions.swift"; sourceTree = "<group>"; };
		0A12A6A62A90CCA5006A5B3F /* Athelas-BoldItalic.ttf */ = {isa = PBXFileReference; lastKnownFileType = file; path = "Athelas-BoldItalic.ttf"; sourceTree = "<group>"; };
		0A12A6A72A90CCA5006A5B3F /* Athelas-Bold.ttf */ = {isa = PBXFileReference; lastKnownFileType = file; path = "Athelas-Bold.ttf"; sourceTree = "<group>"; };
		0A12A6A82A90CCA5006A5B3F /* Athelas-Italic.ttf */ = {isa = PBXFileReference; lastKnownFileType = file; path = "Athelas-Italic.ttf"; sourceTree = "<group>"; };
		0A12A6A92A90CCA5006A5B3F /* Athelas-Regular.ttf */ = {isa = PBXFileReference; lastKnownFileType = file; path = "Athelas-Regular.ttf"; sourceTree = "<group>"; };
		0A12A6AF2A90CED3006A5B3F /* UIButton+Extensions.swift */ = {isa = PBXFileReference; lastKnownFileType = sourcecode.swift; path = "UIButton+Extensions.swift"; sourceTree = "<group>"; };
		0A12A6B32A90DEC4006A5B3F /* CALayer+Extensions.swift */ = {isa = PBXFileReference; lastKnownFileType = sourcecode.swift; path = "CALayer+Extensions.swift"; sourceTree = "<group>"; };
		0A12A6B62A90E095006A5B3F /* MoreToExploreView.swift */ = {isa = PBXFileReference; lastKnownFileType = sourcecode.swift; path = MoreToExploreView.swift; sourceTree = "<group>"; };
		0A12A6B82A90E0BB006A5B3F /* MoreToExploreView.xib */ = {isa = PBXFileReference; lastKnownFileType = file.xib; path = MoreToExploreView.xib; sourceTree = "<group>"; };
		0A12A6BA2A90E18E006A5B3F /* BookGenresBannerView.swift */ = {isa = PBXFileReference; lastKnownFileType = sourcecode.swift; path = BookGenresBannerView.swift; sourceTree = "<group>"; };
		0A12A6BC2A90E1DD006A5B3F /* BookGenresBannerView.xib */ = {isa = PBXFileReference; lastKnownFileType = file.xib; path = BookGenresBannerView.xib; sourceTree = "<group>"; };
		0A3661FC2A97AD4A00F26BAF /* UserDefaults+Extensions.swift */ = {isa = PBXFileReference; lastKnownFileType = sourcecode.swift; path = "UserDefaults+Extensions.swift"; sourceTree = "<group>"; };
		0A3662032A97B45D00F26BAF /* LibraryAPIMock.json */ = {isa = PBXFileReference; lastKnownFileType = text.json; path = LibraryAPIMock.json; sourceTree = "<group>"; };
		0A3662062A97BCFA00F26BAF /* ProfileViewController.swift */ = {isa = PBXFileReference; lastKnownFileType = sourcecode.swift; path = ProfileViewController.swift; sourceTree = "<group>"; };
		0A3662072A97BCFA00F26BAF /* ProfileViewController.xib */ = {isa = PBXFileReference; lastKnownFileType = file.xib; path = ProfileViewController.xib; sourceTree = "<group>"; };
		0A395BC32A9262D600560FCD /* UIFon+Extensions.swift */ = {isa = PBXFileReference; lastKnownFileType = sourcecode.swift; path = "UIFon+Extensions.swift"; sourceTree = "<group>"; };
		0A395BC62A92701900560FCD /* MockData.json */ = {isa = PBXFileReference; lastKnownFileType = text.json; path = MockData.json; sourceTree = "<group>"; };
		0A395BC82A92911400560FCD /* APIManager.swift */ = {isa = PBXFileReference; lastKnownFileType = sourcecode.swift; path = APIManager.swift; sourceTree = "<group>"; };
		0A395BCD2A9293FB00560FCD /* ReadingNowModel.swift */ = {isa = PBXFileReference; lastKnownFileType = sourcecode.swift; path = ReadingNowModel.swift; sourceTree = "<group>"; };
		0A395BD02A929EA200560FCD /* DownloadTask.swift */ = {isa = PBXFileReference; fileEncoding = 4; lastKnownFileType = sourcecode.swift; path = DownloadTask.swift; sourceTree = "<group>"; };
		0A395BD12A929EA200560FCD /* DownloadManager.swift */ = {isa = PBXFileReference; fileEncoding = 4; lastKnownFileType = sourcecode.swift; path = DownloadManager.swift; sourceTree = "<group>"; };
		0A395BD22A929EA200560FCD /* FilesManager.swift */ = {isa = PBXFileReference; fileEncoding = 4; lastKnownFileType = sourcecode.swift; path = FilesManager.swift; sourceTree = "<group>"; };
		0A395BD62A92A94600560FCD /* UIImageView+Extensions.swift */ = {isa = PBXFileReference; lastKnownFileType = sourcecode.swift; path = "UIImageView+Extensions.swift"; sourceTree = "<group>"; };
		0A395BD82A92A9C600560FCD /* LoadingView.swift */ = {isa = PBXFileReference; lastKnownFileType = sourcecode.swift; path = LoadingView.swift; sourceTree = "<group>"; };
		0A395BDA2A92AB0E00560FCD /* UIView+Extensions.swift */ = {isa = PBXFileReference; lastKnownFileType = sourcecode.swift; path = "UIView+Extensions.swift"; sourceTree = "<group>"; };
		0A43B35F2A9510A40075D1EB /* ReadingNowAPIMock.json */ = {isa = PBXFileReference; lastKnownFileType = text.json; path = ReadingNowAPIMock.json; sourceTree = "<group>"; };
		0A43B36A2A95169C0075D1EB /* Current+CoreDataClass.swift */ = {isa = PBXFileReference; lastKnownFileType = sourcecode.swift; path = "Current+CoreDataClass.swift"; sourceTree = "<group>"; };
		0A43B36B2A95169C0075D1EB /* Current+CoreDataProperties.swift */ = {isa = PBXFileReference; lastKnownFileType = sourcecode.swift; path = "Current+CoreDataProperties.swift"; sourceTree = "<group>"; };
		0A43B36C2A95169C0075D1EB /* ReadingNow+CoreDataClass.swift */ = {isa = PBXFileReference; lastKnownFileType = sourcecode.swift; path = "ReadingNow+CoreDataClass.swift"; sourceTree = "<group>"; };
		0A43B36D2A95169C0075D1EB /* ReadingNow+CoreDataProperties.swift */ = {isa = PBXFileReference; lastKnownFileType = sourcecode.swift; path = "ReadingNow+CoreDataProperties.swift"; sourceTree = "<group>"; };
		0A43B36E2A95169C0075D1EB /* MoreToExplore+CoreDataClass.swift */ = {isa = PBXFileReference; lastKnownFileType = sourcecode.swift; path = "MoreToExplore+CoreDataClass.swift"; sourceTree = "<group>"; };
		0A43B36F2A95169C0075D1EB /* MoreToExplore+CoreDataProperties.swift */ = {isa = PBXFileReference; lastKnownFileType = sourcecode.swift; path = "MoreToExplore+CoreDataProperties.swift"; sourceTree = "<group>"; };
		0A43B3702A95169C0075D1EB /* ReadingGoals+CoreDataClass.swift */ = {isa = PBXFileReference; lastKnownFileType = sourcecode.swift; path = "ReadingGoals+CoreDataClass.swift"; sourceTree = "<group>"; };
		0A43B3712A95169C0075D1EB /* ReadingGoals+CoreDataProperties.swift */ = {isa = PBXFileReference; lastKnownFileType = sourcecode.swift; path = "ReadingGoals+CoreDataProperties.swift"; sourceTree = "<group>"; };
		0A43B3722A95169C0075D1EB /* AllTimeBestsellers+CoreDataClass.swift */ = {isa = PBXFileReference; lastKnownFileType = sourcecode.swift; path = "AllTimeBestsellers+CoreDataClass.swift"; sourceTree = "<group>"; };
		0A43B3732A95169C0075D1EB /* AllTimeBestsellers+CoreDataProperties.swift */ = {isa = PBXFileReference; lastKnownFileType = sourcecode.swift; path = "AllTimeBestsellers+CoreDataProperties.swift"; sourceTree = "<group>"; };
		0A43B37F2A9518FE0075D1EB /* CoreDataManager.swift */ = {isa = PBXFileReference; lastKnownFileType = sourcecode.swift; path = CoreDataManager.swift; sourceTree = "<group>"; };
		0A4693A82A91DCAB00D33016 /* ActionsCollectionViewCell.swift */ = {isa = PBXFileReference; lastKnownFileType = sourcecode.swift; path = ActionsCollectionViewCell.swift; sourceTree = "<group>"; };
		0A4693A92A91DCAB00D33016 /* ActionsCollectionViewCell.xib */ = {isa = PBXFileReference; lastKnownFileType = file.xib; path = ActionsCollectionViewCell.xib; sourceTree = "<group>"; };
		0A4693AC2A91E3DF00D33016 /* LibraryBookCollectionViewCell.swift */ = {isa = PBXFileReference; lastKnownFileType = sourcecode.swift; path = LibraryBookCollectionViewCell.swift; sourceTree = "<group>"; };
		0A4693AD2A91E3DF00D33016 /* LibraryBookCollectionViewCell.xib */ = {isa = PBXFileReference; lastKnownFileType = file.xib; path = LibraryBookCollectionViewCell.xib; sourceTree = "<group>"; };
		0A72FD382A91402C004DF68A /* AllTimeBestsellersView.swift */ = {isa = PBXFileReference; lastKnownFileType = sourcecode.swift; path = AllTimeBestsellersView.swift; sourceTree = "<group>"; };
		0A72FD3A2A914055004DF68A /* AllTimeBestsellersView.xib */ = {isa = PBXFileReference; lastKnownFileType = file.xib; path = AllTimeBestsellersView.xib; sourceTree = "<group>"; };
		0A72FD3C2A91439A004DF68A /* BooksCollectionViewCell.swift */ = {isa = PBXFileReference; lastKnownFileType = sourcecode.swift; path = BooksCollectionViewCell.swift; sourceTree = "<group>"; };
		0A72FD3D2A91439A004DF68A /* BooksCollectionViewCell.xib */ = {isa = PBXFileReference; lastKnownFileType = file.xib; path = BooksCollectionViewCell.xib; sourceTree = "<group>"; };
		0A72FD412A914B35004DF68A /* ReadingGoalsView.swift */ = {isa = PBXFileReference; lastKnownFileType = sourcecode.swift; path = ReadingGoalsView.swift; sourceTree = "<group>"; };
		0A72FD432A914B4F004DF68A /* ReadingGoalsView.xib */ = {isa = PBXFileReference; lastKnownFileType = file.xib; path = ReadingGoalsView.xib; sourceTree = "<group>"; };
		0A72FD452A914D5C004DF68A /* CircleProgressView.swift */ = {isa = PBXFileReference; lastKnownFileType = sourcecode.swift; path = CircleProgressView.swift; sourceTree = "<group>"; };
		0A72FD472A91549F004DF68A /* ReadingTimeProgressView.swift */ = {isa = PBXFileReference; lastKnownFileType = sourcecode.swift; path = ReadingTimeProgressView.swift; sourceTree = "<group>"; };
		0A72FD492A9154C8004DF68A /* ReadingTimeProgressView.xib */ = {isa = PBXFileReference; lastKnownFileType = file.xib; path = ReadingTimeProgressView.xib; sourceTree = "<group>"; };
		0A72FD4B2A915BA2004DF68A /* KeepReadingButton.swift */ = {isa = PBXFileReference; lastKnownFileType = sourcecode.swift; path = KeepReadingButton.swift; sourceTree = "<group>"; };
		0A8A323E2A908FA800EAE298 /* PracticeProjectNo1.app */ = {isa = PBXFileReference; explicitFileType = wrapper.application; includeInIndex = 0; path = PracticeProjectNo1.app; sourceTree = BUILT_PRODUCTS_DIR; };
		0A8A32412A908FA800EAE298 /* AppDelegate.swift */ = {isa = PBXFileReference; lastKnownFileType = sourcecode.swift; path = AppDelegate.swift; sourceTree = "<group>"; };
		0A8A32432A908FA800EAE298 /* SceneDelegate.swift */ = {isa = PBXFileReference; lastKnownFileType = sourcecode.swift; path = SceneDelegate.swift; sourceTree = "<group>"; };
		0A8A32452A908FA800EAE298 /* ViewController.swift */ = {isa = PBXFileReference; lastKnownFileType = sourcecode.swift; path = ViewController.swift; sourceTree = "<group>"; };
		0A8A32482A908FA800EAE298 /* Base */ = {isa = PBXFileReference; lastKnownFileType = file.storyboard; name = Base; path = Base.lproj/Main.storyboard; sourceTree = "<group>"; };
		0A8A324B2A908FA800EAE298 /* PracticeProjectNo1.xcdatamodel */ = {isa = PBXFileReference; lastKnownFileType = wrapper.xcdatamodel; path = PracticeProjectNo1.xcdatamodel; sourceTree = "<group>"; };
		0A8A324D2A908FA900EAE298 /* Assets.xcassets */ = {isa = PBXFileReference; lastKnownFileType = folder.assetcatalog; path = Assets.xcassets; sourceTree = "<group>"; };
		0A8A32502A908FA900EAE298 /* Base */ = {isa = PBXFileReference; lastKnownFileType = file.storyboard; name = Base; path = Base.lproj/LaunchScreen.storyboard; sourceTree = "<group>"; };
		0A8A32522A908FA900EAE298 /* Info.plist */ = {isa = PBXFileReference; lastKnownFileType = text.plist.xml; path = Info.plist; sourceTree = "<group>"; };
		0A8A325D2A90995100EAE298 /* MainTabbarController.swift */ = {isa = PBXFileReference; lastKnownFileType = sourcecode.swift; path = MainTabbarController.swift; sourceTree = "<group>"; };
		0A8A325F2A909A1C00EAE298 /* ReadingNowViewController.swift */ = {isa = PBXFileReference; lastKnownFileType = sourcecode.swift; path = ReadingNowViewController.swift; sourceTree = "<group>"; };
		0A8A32602A909A1C00EAE298 /* ReadingNowViewController.xib */ = {isa = PBXFileReference; lastKnownFileType = file.xib; path = ReadingNowViewController.xib; sourceTree = "<group>"; };
		0A8A32632A909A2D00EAE298 /* LibraryViewController.swift */ = {isa = PBXFileReference; lastKnownFileType = sourcecode.swift; path = LibraryViewController.swift; sourceTree = "<group>"; };
		0A8A32642A909A2D00EAE298 /* LibraryViewController.xib */ = {isa = PBXFileReference; lastKnownFileType = file.xib; path = LibraryViewController.xib; sourceTree = "<group>"; };
		0A8A32672A909A3A00EAE298 /* BookStoreViewController.swift */ = {isa = PBXFileReference; lastKnownFileType = sourcecode.swift; path = BookStoreViewController.swift; sourceTree = "<group>"; };
		0A8A32682A909A3A00EAE298 /* BookStoreViewController.xib */ = {isa = PBXFileReference; lastKnownFileType = file.xib; path = BookStoreViewController.xib; sourceTree = "<group>"; };
		0A8A326B2A909A4E00EAE298 /* SearchViewController.swift */ = {isa = PBXFileReference; lastKnownFileType = sourcecode.swift; path = SearchViewController.swift; sourceTree = "<group>"; };
		0A8A326C2A909A4E00EAE298 /* SearchViewController.xib */ = {isa = PBXFileReference; lastKnownFileType = file.xib; path = SearchViewController.xib; sourceTree = "<group>"; };
		0A8A326F2A90A3B800EAE298 /* MainNavigationController.swift */ = {isa = PBXFileReference; lastKnownFileType = sourcecode.swift; path = MainNavigationController.swift; sourceTree = "<group>"; };
		0A8A32722A90A9E200EAE298 /* Constants.swift */ = {isa = PBXFileReference; lastKnownFileType = sourcecode.swift; path = Constants.swift; sourceTree = "<group>"; };
		0A8A32762A90ACD200EAE298 /* CurrentReadingBookView.swift */ = {isa = PBXFileReference; lastKnownFileType = sourcecode.swift; path = CurrentReadingBookView.swift; sourceTree = "<group>"; };
		0A8A32782A90AD1D00EAE298 /* CurrentReadingBookView.xib */ = {isa = PBXFileReference; lastKnownFileType = file.xib; path = CurrentReadingBookView.xib; sourceTree = "<group>"; };
/* End PBXFileReference section */

/* Begin PBXFrameworksBuildPhase section */
		0A8A323B2A908FA800EAE298 /* Frameworks */ = {
			isa = PBXFrameworksBuildPhase;
			buildActionMask = 2147483647;
			files = (
				0A3662022A97B32D00F26BAF /* SDWebImageMapKit in Frameworks */,
				0A3662002A97B32D00F26BAF /* SDWebImage in Frameworks */,
			);
			runOnlyForDeploymentPostprocessing = 0;
		};
/* End PBXFrameworksBuildPhase section */

/* Begin PBXGroup section */
		0A121CA92A9A425E006EB8C9 /* Cells */ = {
			isa = PBXGroup;
			children = (
				0A121CB12A9A4AB3006EB8C9 /* SuggestionsCollectionViewCell.swift */,
				0A121CB22A9A4AB3006EB8C9 /* SuggestionsCollectionViewCell.xib */,
				0A121CB52A9A4ACA006EB8C9 /* YourLibraryCollectionViewCell.swift */,
				0A121CB62A9A4ACA006EB8C9 /* YourLibraryCollectionViewCell.xib */,
				0A121CB92A9A4B77006EB8C9 /* RecentCollectionViewCell.swift */,
				0A121CBA2A9A4B77006EB8C9 /* RecentCollectionViewCell.xib */,
				0A121CBD2A9A4D6A006EB8C9 /* HeaderCollectionReusableView.swift */,
			);
			path = Cells;
			sourceTree = "<group>";
		};
		0A121CAE2A9A48F7006EB8C9 /* Models */ = {
			isa = PBXGroup;
			children = (
				0A121CAF2A9A4911006EB8C9 /* SearchBookModel.swift */,
			);
			path = Models;
			sourceTree = "<group>";
		};
		0A12A6A52A90CC8D006A5B3F /* Athelas */ = {
			isa = PBXGroup;
			children = (
				0A12A6A72A90CCA5006A5B3F /* Athelas-Bold.ttf */,
				0A12A6A62A90CCA5006A5B3F /* Athelas-BoldItalic.ttf */,
				0A12A6A82A90CCA5006A5B3F /* Athelas-Italic.ttf */,
				0A12A6A92A90CCA5006A5B3F /* Athelas-Regular.ttf */,
			);
			path = Athelas;
			sourceTree = "<group>";
		};
		0A12A6B52A90E07B006A5B3F /* MoreToExplore */ = {
			isa = PBXGroup;
			children = (
				0A12A6B62A90E095006A5B3F /* MoreToExploreView.swift */,
				0A12A6B82A90E0BB006A5B3F /* MoreToExploreView.xib */,
				0A12A6BA2A90E18E006A5B3F /* BookGenresBannerView.swift */,
				0A12A6BC2A90E1DD006A5B3F /* BookGenresBannerView.xib */,
			);
			path = MoreToExplore;
			sourceTree = "<group>";
		};
		0A3662052A97BCE200F26BAF /* ProfileEdit */ = {
			isa = PBXGroup;
			children = (
				0A3662062A97BCFA00F26BAF /* ProfileViewController.swift */,
				0A3662072A97BCFA00F26BAF /* ProfileViewController.xib */,
			);
			path = ProfileEdit;
			sourceTree = "<group>";
		};
		0A395BC52A926EE600560FCD /* Mock */ = {
			isa = PBXGroup;
			children = (
				0A395BC62A92701900560FCD /* MockData.json */,
				0A43B35F2A9510A40075D1EB /* ReadingNowAPIMock.json */,
				0A3662032A97B45D00F26BAF /* LibraryAPIMock.json */,
				0A121CAC2A9A42FC006EB8C9 /* SearchBooksAPIMock.json */,
			);
			path = Mock;
			sourceTree = "<group>";
		};
		0A395BC72A92910000560FCD /* APIManager */ = {
			isa = PBXGroup;
			children = (
				0A395BC82A92911400560FCD /* APIManager.swift */,
			);
			path = APIManager;
			sourceTree = "<group>";
		};
		0A395BCB2A9293D600560FCD /* Models */ = {
			isa = PBXGroup;
			children = (
			);
			path = Models;
			sourceTree = "<group>";
		};
		0A395BCC2A9293E700560FCD /* Models */ = {
			isa = PBXGroup;
			children = (
				0A43B36A2A95169C0075D1EB /* Current+CoreDataClass.swift */,
				0A43B36B2A95169C0075D1EB /* Current+CoreDataProperties.swift */,
				0A43B36C2A95169C0075D1EB /* ReadingNow+CoreDataClass.swift */,
				0A43B36D2A95169C0075D1EB /* ReadingNow+CoreDataProperties.swift */,
				0A43B36E2A95169C0075D1EB /* MoreToExplore+CoreDataClass.swift */,
				0A43B36F2A95169C0075D1EB /* MoreToExplore+CoreDataProperties.swift */,
				0A43B3702A95169C0075D1EB /* ReadingGoals+CoreDataClass.swift */,
				0A43B3712A95169C0075D1EB /* ReadingGoals+CoreDataProperties.swift */,
				0A43B3722A95169C0075D1EB /* AllTimeBestsellers+CoreDataClass.swift */,
				0A43B3732A95169C0075D1EB /* AllTimeBestsellers+CoreDataProperties.swift */,
				0A395BCD2A9293FB00560FCD /* ReadingNowModel.swift */,
			);
			path = Models;
			sourceTree = "<group>";
		};
		0A395BCF2A929E8F00560FCD /* Cache */ = {
			isa = PBXGroup;
			children = (
				0A395BD12A929EA200560FCD /* DownloadManager.swift */,
				0A395BD02A929EA200560FCD /* DownloadTask.swift */,
				0A395BD22A929EA200560FCD /* FilesManager.swift */,
			);
			path = Cache;
			sourceTree = "<group>";
		};
		0A43B37E2A9518E40075D1EB /* DBManager */ = {
			isa = PBXGroup;
			children = (
				0A43B37F2A9518FE0075D1EB /* CoreDataManager.swift */,
			);
			path = DBManager;
			sourceTree = "<group>";
		};
		0A4693A72A91DC3000D33016 /* Cell */ = {
			isa = PBXGroup;
			children = (
				0A4693A82A91DCAB00D33016 /* ActionsCollectionViewCell.swift */,
				0A4693A92A91DCAB00D33016 /* ActionsCollectionViewCell.xib */,
				0A4693AC2A91E3DF00D33016 /* LibraryBookCollectionViewCell.swift */,
				0A4693AD2A91E3DF00D33016 /* LibraryBookCollectionViewCell.xib */,
			);
			path = Cell;
			sourceTree = "<group>";
		};
		0A72FD372A914004004DF68A /* AllTimeBestsellers */ = {
			isa = PBXGroup;
			children = (
				0A72FD382A91402C004DF68A /* AllTimeBestsellersView.swift */,
				0A72FD3A2A914055004DF68A /* AllTimeBestsellersView.xib */,
				0A72FD3C2A91439A004DF68A /* BooksCollectionViewCell.swift */,
				0A72FD3D2A91439A004DF68A /* BooksCollectionViewCell.xib */,
			);
			path = AllTimeBestsellers;
			sourceTree = "<group>";
		};
		0A72FD402A914B11004DF68A /* Goals */ = {
			isa = PBXGroup;
			children = (
				0A72FD412A914B35004DF68A /* ReadingGoalsView.swift */,
				0A72FD432A914B4F004DF68A /* ReadingGoalsView.xib */,
				0A72FD452A914D5C004DF68A /* CircleProgressView.swift */,
				0A72FD472A91549F004DF68A /* ReadingTimeProgressView.swift */,
				0A72FD492A9154C8004DF68A /* ReadingTimeProgressView.xib */,
				0A72FD4B2A915BA2004DF68A /* KeepReadingButton.swift */,
			);
			path = Goals;
			sourceTree = "<group>";
		};
		0A8A32352A908FA800EAE298 = {
			isa = PBXGroup;
			children = (
				0A8A32402A908FA800EAE298 /* PracticeProjectNo1 */,
				0A8A323F2A908FA800EAE298 /* Products */,
			);
			sourceTree = "<group>";
		};
		0A8A323F2A908FA800EAE298 /* Products */ = {
			isa = PBXGroup;
			children = (
				0A8A323E2A908FA800EAE298 /* PracticeProjectNo1.app */,
			);
			name = Products;
			sourceTree = "<group>";
		};
		0A8A32402A908FA800EAE298 /* PracticeProjectNo1 */ = {
			isa = PBXGroup;
			children = (
				0A3662052A97BCE200F26BAF /* ProfileEdit */,
				0A43B37E2A9518E40075D1EB /* DBManager */,
				0A395BCF2A929E8F00560FCD /* Cache */,
				0A395BCB2A9293D600560FCD /* Models */,
				0A395BC72A92910000560FCD /* APIManager */,
				0A395BC52A926EE600560FCD /* Mock */,
				0A12A6A52A90CC8D006A5B3F /* Athelas */,
				0A8A32712A90A9CF00EAE298 /* Userful */,
				0A8A325C2A90993600EAE298 /* Main */,
				0A8A325B2A9098B100EAE298 /* Search */,
				0A8A325A2A9098A600EAE298 /* BookStore */,
				0A8A32592A90989800EAE298 /* Library */,
				0A8A32582A90986000EAE298 /* ReadingNow */,
				0A8A32412A908FA800EAE298 /* AppDelegate.swift */,
				0A8A32432A908FA800EAE298 /* SceneDelegate.swift */,
				0A8A32452A908FA800EAE298 /* ViewController.swift */,
				0A8A32472A908FA800EAE298 /* Main.storyboard */,
				0A8A324D2A908FA900EAE298 /* Assets.xcassets */,
				0A8A324F2A908FA900EAE298 /* LaunchScreen.storyboard */,
				0A8A32522A908FA900EAE298 /* Info.plist */,
				0A8A324A2A908FA800EAE298 /* PracticeProjectNo1.xcdatamodeld */,
			);
			path = PracticeProjectNo1;
			sourceTree = "<group>";
		};
		0A8A32582A90986000EAE298 /* ReadingNow */ = {
			isa = PBXGroup;
			children = (
				0A395BCC2A9293E700560FCD /* Models */,
				0A8A32742A90AB4900EAE298 /* Views */,
				0A8A325F2A909A1C00EAE298 /* ReadingNowViewController.swift */,
				0A8A32602A909A1C00EAE298 /* ReadingNowViewController.xib */,
			);
			path = ReadingNow;
			sourceTree = "<group>";
		};
		0A8A32592A90989800EAE298 /* Library */ = {
			isa = PBXGroup;
			children = (
				0A4693A72A91DC3000D33016 /* Cell */,
				0A8A32632A909A2D00EAE298 /* LibraryViewController.swift */,
				0A8A32642A909A2D00EAE298 /* LibraryViewController.xib */,
			);
			path = Library;
			sourceTree = "<group>";
		};
		0A8A325A2A9098A600EAE298 /* BookStore */ = {
			isa = PBXGroup;
			children = (
				0A8A32672A909A3A00EAE298 /* BookStoreViewController.swift */,
				0A8A32682A909A3A00EAE298 /* BookStoreViewController.xib */,
			);
			path = BookStore;
			sourceTree = "<group>";
		};
		0A8A325B2A9098B100EAE298 /* Search */ = {
			isa = PBXGroup;
			children = (
				0A121CAE2A9A48F7006EB8C9 /* Models */,
				0A121CA92A9A425E006EB8C9 /* Cells */,
				0A8A326B2A909A4E00EAE298 /* SearchViewController.swift */,
				0A8A326C2A909A4E00EAE298 /* SearchViewController.xib */,
			);
			path = Search;
			sourceTree = "<group>";
		};
		0A8A325C2A90993600EAE298 /* Main */ = {
			isa = PBXGroup;
			children = (
				0A8A325D2A90995100EAE298 /* MainTabbarController.swift */,
				0A8A326F2A90A3B800EAE298 /* MainNavigationController.swift */,
				0A395BD82A92A9C600560FCD /* LoadingView.swift */,
			);
			path = Main;
			sourceTree = "<group>";
		};
		0A8A32712A90A9CF00EAE298 /* Userful */ = {
			isa = PBXGroup;
			children = (
				0A8A32722A90A9E200EAE298 /* Constants.swift */,
				0A12A6A32A90C690006A5B3F /* NSAttributedString+Extensions.swift */,
				0A12A6AF2A90CED3006A5B3F /* UIButton+Extensions.swift */,
				0A12A6B32A90DEC4006A5B3F /* CALayer+Extensions.swift */,
				0A395BC32A9262D600560FCD /* UIFon+Extensions.swift */,
				0A395BD62A92A94600560FCD /* UIImageView+Extensions.swift */,
				0A395BDA2A92AB0E00560FCD /* UIView+Extensions.swift */,
				0A3661FC2A97AD4A00F26BAF /* UserDefaults+Extensions.swift */,
			);
			path = Userful;
			sourceTree = "<group>";
		};
		0A8A32742A90AB4900EAE298 /* Views */ = {
			isa = PBXGroup;
			children = (
				0A72FD402A914B11004DF68A /* Goals */,
				0A72FD372A914004004DF68A /* AllTimeBestsellers */,
				0A12A6B52A90E07B006A5B3F /* MoreToExplore */,
				0A8A32752A90ACA200EAE298 /* Current */,
			);
			path = Views;
			sourceTree = "<group>";
		};
		0A8A32752A90ACA200EAE298 /* Current */ = {
			isa = PBXGroup;
			children = (
				0A8A32762A90ACD200EAE298 /* CurrentReadingBookView.swift */,
				0A8A32782A90AD1D00EAE298 /* CurrentReadingBookView.xib */,
			);
			path = Current;
			sourceTree = "<group>";
		};
/* End PBXGroup section */

/* Begin PBXNativeTarget section */
		0A8A323D2A908FA800EAE298 /* PracticeProjectNo1 */ = {
			isa = PBXNativeTarget;
			buildConfigurationList = 0A8A32552A908FA900EAE298 /* Build configuration list for PBXNativeTarget "PracticeProjectNo1" */;
			buildPhases = (
				0A8A323A2A908FA800EAE298 /* Sources */,
				0A8A323B2A908FA800EAE298 /* Frameworks */,
				0A8A323C2A908FA800EAE298 /* Resources */,
			);
			buildRules = (
			);
			dependencies = (
			);
			name = PracticeProjectNo1;
			packageProductDependencies = (
				0A3661FF2A97B32D00F26BAF /* SDWebImage */,
				0A3662012A97B32D00F26BAF /* SDWebImageMapKit */,
			);
			productName = PracticeProjectNo1;
			productReference = 0A8A323E2A908FA800EAE298 /* PracticeProjectNo1.app */;
			productType = "com.apple.product-type.application";
		};
/* End PBXNativeTarget section */

/* Begin PBXProject section */
		0A8A32362A908FA800EAE298 /* Project object */ = {
			isa = PBXProject;
			attributes = {
				BuildIndependentTargetsInParallel = 1;
				LastSwiftUpdateCheck = 1430;
				LastUpgradeCheck = 1430;
				TargetAttributes = {
					0A8A323D2A908FA800EAE298 = {
						CreatedOnToolsVersion = 14.3;
					};
				};
			};
			buildConfigurationList = 0A8A32392A908FA800EAE298 /* Build configuration list for PBXProject "PracticeProjectNo1" */;
			compatibilityVersion = "Xcode 14.0";
			developmentRegion = en;
			hasScannedForEncodings = 0;
			knownRegions = (
				en,
				Base,
			);
			mainGroup = 0A8A32352A908FA800EAE298;
			packageReferences = (
				0A3661FE2A97B32D00F26BAF /* XCRemoteSwiftPackageReference "SDWebImage" */,
			);
			productRefGroup = 0A8A323F2A908FA800EAE298 /* Products */;
			projectDirPath = "";
			projectRoot = "";
			targets = (
				0A8A323D2A908FA800EAE298 /* PracticeProjectNo1 */,
			);
		};
/* End PBXProject section */

/* Begin PBXResourcesBuildPhase section */
		0A8A323C2A908FA800EAE298 /* Resources */ = {
			isa = PBXResourcesBuildPhase;
			buildActionMask = 2147483647;
			files = (
				0A395BCA2A92933800560FCD /* MockData.json in Resources */,
				0A121CBC2A9A4B77006EB8C9 /* RecentCollectionViewCell.xib in Resources */,
				0A12A6AD2A90CCA5006A5B3F /* Athelas-Regular.ttf in Resources */,
				0A72FD3F2A91439A004DF68A /* BooksCollectionViewCell.xib in Resources */,
				0A12A6BD2A90E1DD006A5B3F /* BookGenresBannerView.xib in Resources */,
				0A8A32512A908FA900EAE298 /* LaunchScreen.storyboard in Resources */,
				0A4693AB2A91DCAB00D33016 /* ActionsCollectionViewCell.xib in Resources */,
				0A8A326A2A909A3A00EAE298 /* BookStoreViewController.xib in Resources */,
				0A72FD3B2A914055004DF68A /* AllTimeBestsellersView.xib in Resources */,
				0A3662042A97B45D00F26BAF /* LibraryAPIMock.json in Resources */,
				0A121CAD2A9A42FC006EB8C9 /* SearchBooksAPIMock.json in Resources */,
				0A121CB42A9A4AB3006EB8C9 /* SuggestionsCollectionViewCell.xib in Resources */,
				0A43B3602A9510A40075D1EB /* ReadingNowAPIMock.json in Resources */,
				0A8A32662A909A2D00EAE298 /* LibraryViewController.xib in Resources */,
				0A72FD4A2A9154C8004DF68A /* ReadingTimeProgressView.xib in Resources */,
				0A8A324E2A908FA900EAE298 /* Assets.xcassets in Resources */,
				0A121CB82A9A4ACA006EB8C9 /* YourLibraryCollectionViewCell.xib in Resources */,
				0A8A32622A909A1C00EAE298 /* ReadingNowViewController.xib in Resources */,
				0A8A32492A908FA800EAE298 /* Main.storyboard in Resources */,
				0A72FD442A914B4F004DF68A /* ReadingGoalsView.xib in Resources */,
				0A12A6AB2A90CCA5006A5B3F /* Athelas-Bold.ttf in Resources */,
				0A12A6AC2A90CCA5006A5B3F /* Athelas-Italic.ttf in Resources */,
				0A3662092A97BCFA00F26BAF /* ProfileViewController.xib in Resources */,
				0A4693AF2A91E3DF00D33016 /* LibraryBookCollectionViewCell.xib in Resources */,
				0A12A6AA2A90CCA5006A5B3F /* Athelas-BoldItalic.ttf in Resources */,
				0A12A6B92A90E0BB006A5B3F /* MoreToExploreView.xib in Resources */,
				0A8A32792A90AD1D00EAE298 /* CurrentReadingBookView.xib in Resources */,
				0A8A326E2A909A4E00EAE298 /* SearchViewController.xib in Resources */,
			);
			runOnlyForDeploymentPostprocessing = 0;
		};
/* End PBXResourcesBuildPhase section */

/* Begin PBXSourcesBuildPhase section */
		0A8A323A2A908FA800EAE298 /* Sources */ = {
			isa = PBXSourcesBuildPhase;
			buildActionMask = 2147483647;
			files = (
				0A72FD422A914B35004DF68A /* ReadingGoalsView.swift in Sources */,
				0A395BD42A929EA200560FCD /* DownloadManager.swift in Sources */,
				0A8A32702A90A3B800EAE298 /* MainNavigationController.swift in Sources */,
				0A12A6B02A90CED3006A5B3F /* UIButton+Extensions.swift in Sources */,
				0A395BCE2A9293FB00560FCD /* ReadingNowModel.swift in Sources */,
				0A395BC92A92911400560FCD /* APIManager.swift in Sources */,
				0A43B3752A95169C0075D1EB /* Current+CoreDataProperties.swift in Sources */,
				0A395BDB2A92AB0E00560FCD /* UIView+Extensions.swift in Sources */,
				0A3662082A97BCFA00F26BAF /* ProfileViewController.swift in Sources */,
				0A72FD392A91402C004DF68A /* AllTimeBestsellersView.swift in Sources */,
				0A43B37B2A95169C0075D1EB /* ReadingGoals+CoreDataProperties.swift in Sources */,
				0A43B3792A95169C0075D1EB /* MoreToExplore+CoreDataProperties.swift in Sources */,
				0A12A6B72A90E095006A5B3F /* MoreToExploreView.swift in Sources */,
				0A72FD4C2A915BA2004DF68A /* KeepReadingButton.swift in Sources */,
				0A8A32732A90A9E200EAE298 /* Constants.swift in Sources */,
				0A121CBB2A9A4B77006EB8C9 /* RecentCollectionViewCell.swift in Sources */,
				0A12A6A42A90C690006A5B3F /* NSAttributedString+Extensions.swift in Sources */,
				0A72FD3E2A91439A004DF68A /* BooksCollectionViewCell.swift in Sources */,
				0A121CB72A9A4ACA006EB8C9 /* YourLibraryCollectionViewCell.swift in Sources */,
				0A8A32772A90ACD200EAE298 /* CurrentReadingBookView.swift in Sources */,
				0A4693AA2A91DCAB00D33016 /* ActionsCollectionViewCell.swift in Sources */,
				0A395BD92A92A9C600560FCD /* LoadingView.swift in Sources */,
				0A43B3772A95169C0075D1EB /* ReadingNow+CoreDataProperties.swift in Sources */,
				0A395BD72A92A94600560FCD /* UIImageView+Extensions.swift in Sources */,
				0A43B37D2A95169C0075D1EB /* AllTimeBestsellers+CoreDataProperties.swift in Sources */,
				0A395BD52A929EA200560FCD /* FilesManager.swift in Sources */,
				0A8A32462A908FA800EAE298 /* ViewController.swift in Sources */,
				0A8A32422A908FA800EAE298 /* AppDelegate.swift in Sources */,
				0A43B3782A95169C0075D1EB /* MoreToExplore+CoreDataClass.swift in Sources */,
				0A8A32612A909A1C00EAE298 /* ReadingNowViewController.swift in Sources */,
				0A121CB32A9A4AB3006EB8C9 /* SuggestionsCollectionViewCell.swift in Sources */,
				0A8A326D2A909A4E00EAE298 /* SearchViewController.swift in Sources */,
				0A395BD32A929EA200560FCD /* DownloadTask.swift in Sources */,
				0A8A325E2A90995100EAE298 /* MainTabbarController.swift in Sources */,
				0A3661FD2A97AD4A00F26BAF /* UserDefaults+Extensions.swift in Sources */,
				0A43B37A2A95169C0075D1EB /* ReadingGoals+CoreDataClass.swift in Sources */,
				0A43B3742A95169C0075D1EB /* Current+CoreDataClass.swift in Sources */,
				0A121CB02A9A4911006EB8C9 /* SearchBookModel.swift in Sources */,
				0A8A32652A909A2D00EAE298 /* LibraryViewController.swift in Sources */,
				0A43B3802A9518FE0075D1EB /* CoreDataManager.swift in Sources */,
				0A8A32442A908FA800EAE298 /* SceneDelegate.swift in Sources */,
				0A12A6B42A90DEC4006A5B3F /* CALayer+Extensions.swift in Sources */,
				0A72FD462A914D5C004DF68A /* CircleProgressView.swift in Sources */,
				0A8A324C2A908FA800EAE298 /* PracticeProjectNo1.xcdatamodeld in Sources */,
				0A121CBF2A9A4D6A006EB8C9 /* HeaderCollectionReusableView.swift in Sources */,
				0A43B37C2A95169C0075D1EB /* AllTimeBestsellers+CoreDataClass.swift in Sources */,
				0A395BC42A9262D600560FCD /* UIFon+Extensions.swift in Sources */,
				0A8A32692A909A3A00EAE298 /* BookStoreViewController.swift in Sources */,
				0A43B3762A95169C0075D1EB /* ReadingNow+CoreDataClass.swift in Sources */,
				0A4693AE2A91E3DF00D33016 /* LibraryBookCollectionViewCell.swift in Sources */,
				0A12A6BB2A90E18E006A5B3F /* BookGenresBannerView.swift in Sources */,
				0A72FD482A91549F004DF68A /* ReadingTimeProgressView.swift in Sources */,
			);
			runOnlyForDeploymentPostprocessing = 0;
		};
/* End PBXSourcesBuildPhase section */

/* Begin PBXVariantGroup section */
		0A8A32472A908FA800EAE298 /* Main.storyboard */ = {
			isa = PBXVariantGroup;
			children = (
				0A8A32482A908FA800EAE298 /* Base */,
			);
			name = Main.storyboard;
			sourceTree = "<group>";
		};
		0A8A324F2A908FA900EAE298 /* LaunchScreen.storyboard */ = {
			isa = PBXVariantGroup;
			children = (
				0A8A32502A908FA900EAE298 /* Base */,
			);
			name = LaunchScreen.storyboard;
			sourceTree = "<group>";
		};
/* End PBXVariantGroup section */

/* Begin XCBuildConfiguration section */
		0A8A32532A908FA900EAE298 /* Debug */ = {
			isa = XCBuildConfiguration;
			buildSettings = {
				ALWAYS_SEARCH_USER_PATHS = NO;
				CLANG_ANALYZER_NONNULL = YES;
				CLANG_ANALYZER_NUMBER_OBJECT_CONVERSION = YES_AGGRESSIVE;
				CLANG_CXX_LANGUAGE_STANDARD = "gnu++20";
				CLANG_ENABLE_MODULES = YES;
				CLANG_ENABLE_OBJC_ARC = YES;
				CLANG_ENABLE_OBJC_WEAK = YES;
				CLANG_WARN_BLOCK_CAPTURE_AUTORELEASING = YES;
				CLANG_WARN_BOOL_CONVERSION = YES;
				CLANG_WARN_COMMA = YES;
				CLANG_WARN_CONSTANT_CONVERSION = YES;
				CLANG_WARN_DEPRECATED_OBJC_IMPLEMENTATIONS = YES;
				CLANG_WARN_DIRECT_OBJC_ISA_USAGE = YES_ERROR;
				CLANG_WARN_DOCUMENTATION_COMMENTS = YES;
				CLANG_WARN_EMPTY_BODY = YES;
				CLANG_WARN_ENUM_CONVERSION = YES;
				CLANG_WARN_INFINITE_RECURSION = YES;
				CLANG_WARN_INT_CONVERSION = YES;
				CLANG_WARN_NON_LITERAL_NULL_CONVERSION = YES;
				CLANG_WARN_OBJC_IMPLICIT_RETAIN_SELF = YES;
				CLANG_WARN_OBJC_LITERAL_CONVERSION = YES;
				CLANG_WARN_OBJC_ROOT_CLASS = YES_ERROR;
				CLANG_WARN_QUOTED_INCLUDE_IN_FRAMEWORK_HEADER = YES;
				CLANG_WARN_RANGE_LOOP_ANALYSIS = YES;
				CLANG_WARN_STRICT_PROTOTYPES = YES;
				CLANG_WARN_SUSPICIOUS_MOVE = YES;
				CLANG_WARN_UNGUARDED_AVAILABILITY = YES_AGGRESSIVE;
				CLANG_WARN_UNREACHABLE_CODE = YES;
				CLANG_WARN__DUPLICATE_METHOD_MATCH = YES;
				COPY_PHASE_STRIP = NO;
				DEBUG_INFORMATION_FORMAT = dwarf;
				ENABLE_STRICT_OBJC_MSGSEND = YES;
				ENABLE_TESTABILITY = YES;
				GCC_C_LANGUAGE_STANDARD = gnu11;
				GCC_DYNAMIC_NO_PIC = NO;
				GCC_NO_COMMON_BLOCKS = YES;
				GCC_OPTIMIZATION_LEVEL = 0;
				GCC_PREPROCESSOR_DEFINITIONS = (
					"DEBUG=1",
					"$(inherited)",
				);
				GCC_WARN_64_TO_32_BIT_CONVERSION = YES;
				GCC_WARN_ABOUT_RETURN_TYPE = YES_ERROR;
				GCC_WARN_UNDECLARED_SELECTOR = YES;
				GCC_WARN_UNINITIALIZED_AUTOS = YES_AGGRESSIVE;
				GCC_WARN_UNUSED_FUNCTION = YES;
				GCC_WARN_UNUSED_VARIABLE = YES;
				IPHONEOS_DEPLOYMENT_TARGET = 16.4;
				MTL_ENABLE_DEBUG_INFO = INCLUDE_SOURCE;
				MTL_FAST_MATH = YES;
				ONLY_ACTIVE_ARCH = YES;
				SDKROOT = iphoneos;
				SWIFT_ACTIVE_COMPILATION_CONDITIONS = DEBUG;
				SWIFT_OPTIMIZATION_LEVEL = "-Onone";
			};
			name = Debug;
		};
		0A8A32542A908FA900EAE298 /* Release */ = {
			isa = XCBuildConfiguration;
			buildSettings = {
				ALWAYS_SEARCH_USER_PATHS = NO;
				CLANG_ANALYZER_NONNULL = YES;
				CLANG_ANALYZER_NUMBER_OBJECT_CONVERSION = YES_AGGRESSIVE;
				CLANG_CXX_LANGUAGE_STANDARD = "gnu++20";
				CLANG_ENABLE_MODULES = YES;
				CLANG_ENABLE_OBJC_ARC = YES;
				CLANG_ENABLE_OBJC_WEAK = YES;
				CLANG_WARN_BLOCK_CAPTURE_AUTORELEASING = YES;
				CLANG_WARN_BOOL_CONVERSION = YES;
				CLANG_WARN_COMMA = YES;
				CLANG_WARN_CONSTANT_CONVERSION = YES;
				CLANG_WARN_DEPRECATED_OBJC_IMPLEMENTATIONS = YES;
				CLANG_WARN_DIRECT_OBJC_ISA_USAGE = YES_ERROR;
				CLANG_WARN_DOCUMENTATION_COMMENTS = YES;
				CLANG_WARN_EMPTY_BODY = YES;
				CLANG_WARN_ENUM_CONVERSION = YES;
				CLANG_WARN_INFINITE_RECURSION = YES;
				CLANG_WARN_INT_CONVERSION = YES;
				CLANG_WARN_NON_LITERAL_NULL_CONVERSION = YES;
				CLANG_WARN_OBJC_IMPLICIT_RETAIN_SELF = YES;
				CLANG_WARN_OBJC_LITERAL_CONVERSION = YES;
				CLANG_WARN_OBJC_ROOT_CLASS = YES_ERROR;
				CLANG_WARN_QUOTED_INCLUDE_IN_FRAMEWORK_HEADER = YES;
				CLANG_WARN_RANGE_LOOP_ANALYSIS = YES;
				CLANG_WARN_STRICT_PROTOTYPES = YES;
				CLANG_WARN_SUSPICIOUS_MOVE = YES;
				CLANG_WARN_UNGUARDED_AVAILABILITY = YES_AGGRESSIVE;
				CLANG_WARN_UNREACHABLE_CODE = YES;
				CLANG_WARN__DUPLICATE_METHOD_MATCH = YES;
				COPY_PHASE_STRIP = NO;
				DEBUG_INFORMATION_FORMAT = "dwarf-with-dsym";
				ENABLE_NS_ASSERTIONS = NO;
				ENABLE_STRICT_OBJC_MSGSEND = YES;
				GCC_C_LANGUAGE_STANDARD = gnu11;
				GCC_NO_COMMON_BLOCKS = YES;
				GCC_WARN_64_TO_32_BIT_CONVERSION = YES;
				GCC_WARN_ABOUT_RETURN_TYPE = YES_ERROR;
				GCC_WARN_UNDECLARED_SELECTOR = YES;
				GCC_WARN_UNINITIALIZED_AUTOS = YES_AGGRESSIVE;
				GCC_WARN_UNUSED_FUNCTION = YES;
				GCC_WARN_UNUSED_VARIABLE = YES;
				IPHONEOS_DEPLOYMENT_TARGET = 16.4;
				MTL_ENABLE_DEBUG_INFO = NO;
				MTL_FAST_MATH = YES;
				SDKROOT = iphoneos;
				SWIFT_COMPILATION_MODE = wholemodule;
				SWIFT_OPTIMIZATION_LEVEL = "-O";
				VALIDATE_PRODUCT = YES;
			};
			name = Release;
		};
		0A8A32562A908FA900EAE298 /* Debug */ = {
			isa = XCBuildConfiguration;
			buildSettings = {
				ASSETCATALOG_COMPILER_APPICON_NAME = AppIcon;
				ASSETCATALOG_COMPILER_GLOBAL_ACCENT_COLOR_NAME = AccentColor;
				CODE_SIGN_STYLE = Automatic;
				CURRENT_PROJECT_VERSION = 1;
				DEVELOPMENT_TEAM = XJAXU932F4;
				GENERATE_INFOPLIST_FILE = YES;
				INFOPLIST_FILE = PracticeProjectNo1/Info.plist;
				INFOPLIST_KEY_UIApplicationSupportsIndirectInputEvents = YES;
				INFOPLIST_KEY_UILaunchStoryboardName = LaunchScreen;
				INFOPLIST_KEY_UIMainStoryboardFile = Main;
				INFOPLIST_KEY_UISupportedInterfaceOrientations_iPad = "UIInterfaceOrientationPortrait UIInterfaceOrientationPortraitUpsideDown UIInterfaceOrientationLandscapeLeft UIInterfaceOrientationLandscapeRight";
				INFOPLIST_KEY_UISupportedInterfaceOrientations_iPhone = "UIInterfaceOrientationPortrait UIInterfaceOrientationLandscapeLeft UIInterfaceOrientationLandscapeRight";
				IPHONEOS_DEPLOYMENT_TARGET = 13.0;
				LD_RUNPATH_SEARCH_PATHS = (
					"$(inherited)",
					"@executable_path/Frameworks",
				);
				MARKETING_VERSION = 1.0;
				PRODUCT_BUNDLE_IDENTIFIER = com.something.PracticeProjectNo1;
				PRODUCT_NAME = "$(TARGET_NAME)";
				SWIFT_EMIT_LOC_STRINGS = YES;
				SWIFT_VERSION = 5.0;
				TARGETED_DEVICE_FAMILY = "1,2";
			};
			name = Debug;
		};
		0A8A32572A908FA900EAE298 /* Release */ = {
			isa = XCBuildConfiguration;
			buildSettings = {
				ASSETCATALOG_COMPILER_APPICON_NAME = AppIcon;
				ASSETCATALOG_COMPILER_GLOBAL_ACCENT_COLOR_NAME = AccentColor;
				CODE_SIGN_STYLE = Automatic;
				CURRENT_PROJECT_VERSION = 1;
				DEVELOPMENT_TEAM = XJAXU932F4;
				GENERATE_INFOPLIST_FILE = YES;
				INFOPLIST_FILE = PracticeProjectNo1/Info.plist;
				INFOPLIST_KEY_UIApplicationSupportsIndirectInputEvents = YES;
				INFOPLIST_KEY_UILaunchStoryboardName = LaunchScreen;
				INFOPLIST_KEY_UIMainStoryboardFile = Main;
				INFOPLIST_KEY_UISupportedInterfaceOrientations_iPad = "UIInterfaceOrientationPortrait UIInterfaceOrientationPortraitUpsideDown UIInterfaceOrientationLandscapeLeft UIInterfaceOrientationLandscapeRight";
				INFOPLIST_KEY_UISupportedInterfaceOrientations_iPhone = "UIInterfaceOrientationPortrait UIInterfaceOrientationLandscapeLeft UIInterfaceOrientationLandscapeRight";
				IPHONEOS_DEPLOYMENT_TARGET = 13.0;
				LD_RUNPATH_SEARCH_PATHS = (
					"$(inherited)",
					"@executable_path/Frameworks",
				);
				MARKETING_VERSION = 1.0;
				PRODUCT_BUNDLE_IDENTIFIER = com.something.PracticeProjectNo1;
				PRODUCT_NAME = "$(TARGET_NAME)";
				SWIFT_EMIT_LOC_STRINGS = YES;
				SWIFT_VERSION = 5.0;
				TARGETED_DEVICE_FAMILY = "1,2";
			};
			name = Release;
		};
/* End XCBuildConfiguration section */

/* Begin XCConfigurationList section */
		0A8A32392A908FA800EAE298 /* Build configuration list for PBXProject "PracticeProjectNo1" */ = {
			isa = XCConfigurationList;
			buildConfigurations = (
				0A8A32532A908FA900EAE298 /* Debug */,
				0A8A32542A908FA900EAE298 /* Release */,
			);
			defaultConfigurationIsVisible = 0;
			defaultConfigurationName = Release;
		};
		0A8A32552A908FA900EAE298 /* Build configuration list for PBXNativeTarget "PracticeProjectNo1" */ = {
			isa = XCConfigurationList;
			buildConfigurations = (
				0A8A32562A908FA900EAE298 /* Debug */,
				0A8A32572A908FA900EAE298 /* Release */,
			);
			defaultConfigurationIsVisible = 0;
			defaultConfigurationName = Release;
		};
/* End XCConfigurationList section */

/* Begin XCRemoteSwiftPackageReference section */
		0A3661FE2A97B32D00F26BAF /* XCRemoteSwiftPackageReference "SDWebImage" */ = {
			isa = XCRemoteSwiftPackageReference;
			repositoryURL = "https://github.com/SDWebImage/SDWebImage.git";
			requirement = {
				kind = upToNextMajorVersion;
				minimumVersion = 5.0.0;
			};
		};
/* End XCRemoteSwiftPackageReference section */

/* Begin XCSwiftPackageProductDependency section */
		0A3661FF2A97B32D00F26BAF /* SDWebImage */ = {
			isa = XCSwiftPackageProductDependency;
			package = 0A3661FE2A97B32D00F26BAF /* XCRemoteSwiftPackageReference "SDWebImage" */;
			productName = SDWebImage;
		};
		0A3662012A97B32D00F26BAF /* SDWebImageMapKit */ = {
			isa = XCSwiftPackageProductDependency;
			package = 0A3661FE2A97B32D00F26BAF /* XCRemoteSwiftPackageReference "SDWebImage" */;
			productName = SDWebImageMapKit;
		};
/* End XCSwiftPackageProductDependency section */

/* Begin XCVersionGroup section */
		0A8A324A2A908FA800EAE298 /* PracticeProjectNo1.xcdatamodeld */ = {
			isa = XCVersionGroup;
			children = (
				0A8A324B2A908FA800EAE298 /* PracticeProjectNo1.xcdatamodel */,
			);
			currentVersion = 0A8A324B2A908FA800EAE298 /* PracticeProjectNo1.xcdatamodel */;
			path = PracticeProjectNo1.xcdatamodeld;
			sourceTree = "<group>";
			versionGroupType = wrapper.xcdatamodel;
		};
/* End XCVersionGroup section */
	};
	rootObject = 0A8A32362A908FA800EAE298 /* Project object */;
}
